
Microsoft Visual Studio Solution File, Format Version 12.00
# Visual Studio Version 17
VisualStudioVersion = 17.3.32922.545
MinimumVisualStudioVersion = 10.0.40219.1
Project("{FAE04EC0-301F-11D3-BF4B-00C04F79EFBC}") = "BookStoreApplication", "BookStoreApplication\BookStoreApplication.csproj", "{9185E2BD-ABC9-4C4F-B13E-D74D68557DD7}"
EndProject
Project("{FAE04EC0-301F-11D3-BF4B-00C04F79EFBC}") = "CommonLayer", "CommonLayer\CommonLayer.csproj", "{8CE4BD47-C25B-4D4D-ABAA-99D7452B69DC}"
EndProject
Project("{FAE04EC0-301F-11D3-BF4B-00C04F79EFBC}") = "BussinesLayer", "BussinesLayer\BussinesLayer.csproj", "{964B2EBD-4628-4151-8708-0A6DCA799F6F}"
EndProject
Project("{FAE04EC0-301F-11D3-BF4B-00C04F79EFBC}") = "RepositoryLayer", "RepositoryLayer\RepositoryLayer.csproj", "{1D7AB818-53D9-4A7B-AF5A-C7A558943398}"
EndProject
Global
	GlobalSection(SolutionConfigurationPlatforms) = preSolution
		Debug|Any CPU = Debug|Any CPU
		Release|Any CPU = Release|Any CPU
	EndGlobalSection
	GlobalSection(ProjectConfigurationPlatforms) = postSolution
		{9185E2BD-ABC9-4C4F-B13E-D74D68557DD7}.Debug|Any CPU.ActiveCfg = Debug|Any CPU
		{9185E2BD-ABC9-4C4F-B13E-D74D68557DD7}.Debug|Any CPU.Build.0 = Debug|Any CPU
		{9185E2BD-ABC9-4C4F-B13E-D74D68557DD7}.Release|Any CPU.ActiveCfg = Release|Any CPU
		{9185E2BD-ABC9-4C4F-B13E-D74D68557DD7}.Release|Any CPU.Build.0 = Release|Any CPU
		{8CE4BD47-C25B-4D4D-ABAA-99D7452B69DC}.Debug|Any CPU.ActiveCfg = Debug|Any CPU
		{8CE4BD47-C25B-4D4D-ABAA-99D7452B69DC}.Debug|Any CPU.Build.0 = Debug|Any CPU
		{8CE4BD47-C25B-4D4D-ABAA-99D7452B69DC}.Release|Any CPU.ActiveCfg = Release|Any CPU
		{8CE4BD47-C25B-4D4D-ABAA-99D7452B69DC}.Release|Any CPU.Build.0 = Release|Any CPU
		{964B2EBD-4628-4151-8708-0A6DCA799F6F}.Debug|Any CPU.ActiveCfg = Debug|Any CPU
		{964B2EBD-4628-4151-8708-0A6DCA799F6F}.Debug|Any CPU.Build.0 = Debug|Any CPU
		{964B2EBD-4628-4151-8708-0A6DCA799F6F}.Release|Any CPU.ActiveCfg = Release|Any CPU
		{964B2EBD-4628-4151-8708-0A6DCA799F6F}.Release|Any CPU.Build.0 = Release|Any CPU
		{1D7AB818-53D9-4A7B-AF5A-C7A558943398}.Debug|Any CPU.ActiveCfg = Debug|Any CPU
		{1D7AB818-53D9-4A7B-AF5A-C7A558943398}.Debug|Any CPU.Build.0 = Debug|Any CPU
		{1D7AB818-53D9-4A7B-AF5A-C7A558943398}.Release|Any CPU.ActiveCfg = Release|Any CPU
		{1D7AB818-53D9-4A7B-AF5A-C7A558943398}.Release|Any CPU.Build.0 = Release|Any CPU
	EndGlobalSection
	GlobalSection(SolutionProperties) = preSolution
		HideSolutionNode = FALSE
	EndGlobalSection
	GlobalSection(ExtensibilityGlobals) = postSolution
		SolutionGuid = {527FAFA1-ACC0-4CF0-912F-9ACB3BF37ECD}
	EndGlobalSection
EndGlobal
